{
  "lockfileVersion": 1,
  "configVersion": 1,
  "workspaces": {
    "": {
      "name": "mk-test",
      "dependencies": {
        "@mikro-orm/core": "^7.0.4",
        "@mikro-orm/decorators": "^7.0.4",
        "@mikro-orm/mysql": "^7.0.4",
        "@mikro-orm/reflection": "^7.0.4",
      },
      "devDependencies": {
        "@types/bun": "latest",
        "typescript": "^5.8.3",
      },
    },
  },
  "packages": {
    "@mikro-orm/core": ["@mikro-orm/core@7.0.4", "", { "peerDependencies": { "dataloader": "2.2.3" }, "optionalPeers": ["dataloader"] }, "sha512-74igWTKA2OADuL2C+o6p65RlDcozKWgDYYCL9Y0Q2+4sM7+ZmGrE/1a2oMAstGGzMwKGJdBRRgGbzVE8htrfdg=="],

    "@mikro-orm/decorators": ["@mikro-orm/decorators@7.0.4", "", { "peerDependencies": { "@mikro-orm/core": "7.0.4", "reflect-metadata": "^0.1.0 || ^0.2.0" }, "optionalPeers": ["reflect-metadata"] }, "sha512-dTEf2KI0HBsJ3t2lH6c0Ir71kFs6EmcFZYHR4xIUKbcR16tOSRLsxb6YqItIP1Et2fzZn0JyPmta94+FBQAsYg=="],

    "@mikro-orm/mysql": ["@mikro-orm/mysql@7.0.4", "", { "dependencies": { "@mikro-orm/sql": "7.0.4", "kysely": "0.28.13", "mysql2": "3.20.0", "sqlstring": "2.3.3" }, "peerDependencies": { "@mikro-orm/core": "7.0.4" } }, "sha512-6OGu/Xp4cp7wpGXcdCoKWAJgV3qadTRgbeSSOtPg4yAm8M8wqM0f1pJeu8XDIMhV2wGRemRGH7nKtRRloRGikg=="],

    "@mikro-orm/reflection": ["@mikro-orm/reflection@7.0.4", "", { "dependencies": { "ts-morph": "27.0.2" }, "peerDependencies": { "@mikro-orm/core": "7.0.4" } }, "sha512-t9MiMRNxP0zD+Zc3pg6BMzfvtpMcdT6UVbsvOOt20dXrStLWo2EB0LwV+FjO+wVOg0c4cd3fgIWzVY5PXJvbYw=="],

    "@mikro-orm/sql": ["@mikro-orm/sql@7.0.4", "", { "dependencies": { "kysely": "0.28.13" }, "peerDependencies": { "@mikro-orm/core": "7.0.4" } }, "sha512-Tg64t7FkVEKYnysquQsWwBLmMaqB6xy1+BlC0tY3M3Oz9A6ZY7uLyUAGXWhjqwrzXPpLTAuP5kpewGh63fKkFg=="],

    "@ts-morph/common": ["@ts-morph/common@0.28.1", "", { "dependencies": { "minimatch": "^10.0.1", "path-browserify": "^1.0.1", "tinyglobby": "^0.2.14" } }, "sha512-W74iWf7ILp1ZKNYXY5qbddNaml7e9Sedv5lvU1V8lftlitkc9Pq1A+jlH23ltDgWYeZFFEqGCD1Ies9hqu3O+g=="],

    "@types/bun": ["@types/bun@1.3.11", "", { "dependencies": { "bun-types": "1.3.11" } }, "sha512-5vPne5QvtpjGpsGYXiFyycfpDF2ECyPcTSsFBMa0fraoxiQyMJ3SmuQIGhzPg2WJuWxVBoxWJ2kClYTcw/4fAg=="],

    "@types/node": ["@types/node@25.5.0", "", { "dependencies": { "undici-types": "~7.18.0" } }, "sha512-jp2P3tQMSxWugkCUKLRPVUpGaL5MVFwF8RDuSRztfwgN1wmqJeMSbKlnEtQqU8UrhTmzEmZdu2I6v2dpp7XIxw=="],

    "aws-ssl-profiles": ["aws-ssl-profiles@1.1.2", "", {}, "sha512-NZKeq9AfyQvEeNlN0zSYAaWrmBffJh3IELMZfRpJVWgrpEbtEpnjvzqBPf+mxoI287JohRDoa+/nsfqqiZmF6g=="],

    "balanced-match": ["balanced-match@4.0.4", "", {}, "sha512-BLrgEcRTwX2o6gGxGOCNyMvGSp35YofuYzw9h1IMTRmKqttAZZVU67bdb9Pr2vUHA8+j3i2tJfjO6C6+4myGTA=="],

    "brace-expansion": ["brace-expansion@5.0.4", "", { "dependencies": { "balanced-match": "^4.0.2" } }, "sha512-h+DEnpVvxmfVefa4jFbCf5HdH5YMDXRsmKflpf1pILZWRFlTbJpxeU55nJl4Smt5HQaGzg1o6RHFPJaOqnmBDg=="],

    "bun-types": ["bun-types@1.3.11", "", { "dependencies": { "@types/node": "*" } }, "sha512-1KGPpoxQWl9f6wcZh57LvrPIInQMn2TQ7jsgxqpRzg+l0QPOFvJVH7HmvHo/AiPgwXy+/Thf6Ov3EdVn1vOabg=="],

    "code-block-writer": ["code-block-writer@13.0.3", "", {}, "sha512-Oofo0pq3IKnsFtuHqSF7TqBfr71aeyZDVJ0HpmqB7FBM2qEigL0iPONSCZSO9pE9dZTAxANe5XHG9Uy0YMv8cg=="],

    "denque": ["denque@2.1.0", "", {}, "sha512-HVQE3AAb/pxF8fQAoiqpvg9i3evqug3hoiwakOyZAwJm+6vZehbkYXZ0l4JxS+I3QxM97v5aaRNhj8v5oBhekw=="],

    "fdir": ["fdir@6.5.0", "", { "peerDependencies": { "picomatch": "^3 || ^4" }, "optionalPeers": ["picomatch"] }, "sha512-tIbYtZbucOs0BRGqPJkshJUYdL+SDH7dVM8gjy+ERp3WAUjLEFJE+02kanyHtwjWOnwrKYBiwAmM0p4kLJAnXg=="],

    "generate-function": ["generate-function@2.3.1", "", { "dependencies": { "is-property": "^1.0.2" } }, "sha512-eeB5GfMNeevm/GRYq20ShmsaGcmI81kIX2K9XQx5miC8KdHaC6Jm0qQ8ZNeGOi7wYB8OsdxKs+Y2oVuTFuVwKQ=="],

    "iconv-lite": ["iconv-lite@0.7.2", "", { "dependencies": { "safer-buffer": ">= 2.1.2 < 3.0.0" } }, "sha512-im9DjEDQ55s9fL4EYzOAv0yMqmMBSZp6G0VvFyTMPKWxiSBHUj9NW/qqLmXUwXrrM7AvqSlTCfvqRb0cM8yYqw=="],

    "is-property": ["is-property@1.0.2", "", {}, "sha512-Ks/IoX00TtClbGQr4TWXemAnktAQvYB7HzcCxDGqEZU6oCmb2INHuOoKxbtR+HFkmYWBKv/dOZtGRiAjDhj92g=="],

    "kysely": ["kysely@0.28.13", "", {}, "sha512-jCkYDvlfzOyHaVsrvR4vnNZxG30oNv2jbbFBjTQAUG8n0h07HW0sZJHk4KAQIRyu9ay+Rg+L8qGa3lwt8Gve9w=="],

    "long": ["long@5.3.2", "", {}, "sha512-mNAgZ1GmyNhD7AuqnTG3/VQ26o760+ZYBPKjPvugO8+nLbYfX6TVpJPseBvopbdY+qpZ/lKUnmEc1LeZYS3QAA=="],

    "lru.min": ["lru.min@1.1.4", "", {}, "sha512-DqC6n3QQ77zdFpCMASA1a3Jlb64Hv2N2DciFGkO/4L9+q/IpIAuRlKOvCXabtRW6cQf8usbmM6BE/TOPysCdIA=="],

    "minimatch": ["minimatch@10.2.4", "", { "dependencies": { "brace-expansion": "^5.0.2" } }, "sha512-oRjTw/97aTBN0RHbYCdtF1MQfvusSIBQM0IZEgzl6426+8jSC0nF1a/GmnVLpfB9yyr6g6FTqWqiZVbxrtaCIg=="],

    "mysql2": ["mysql2@3.20.0", "", { "dependencies": { "aws-ssl-profiles": "^1.1.2", "denque": "^2.1.0", "generate-function": "^2.3.1", "iconv-lite": "^0.7.2", "long": "^5.3.2", "lru.min": "^1.1.4", "named-placeholders": "^1.1.6", "sql-escaper": "^1.3.3" }, "peerDependencies": { "@types/node": ">= 8" } }, "sha512-eCLUs7BNbgA6nf/MZXsaBO1SfGs0LtLVrJD3WeWq+jPLDWkSufTD+aGMwykfUVPdZnblaUK1a8G/P63cl9FkKg=="],

    "named-placeholders": ["named-placeholders@1.1.6", "", { "dependencies": { "lru.min": "^1.1.0" } }, "sha512-Tz09sEL2EEuv5fFowm419c1+a/jSMiBjI9gHxVLrVdbUkkNUUfjsVYs9pVZu5oCon/kmRh9TfLEObFtkVxmY0w=="],

    "path-browserify": ["path-browserify@1.0.1", "", {}, "sha512-b7uo2UCUOYZcnF/3ID0lulOJi/bafxa1xPe7ZPsammBSpjSWQkjNxlt635YGS2MiR9GjvuXCtz2emr3jbsz98g=="],

    "picomatch": ["picomatch@4.0.3", "", {}, "sha512-5gTmgEY/sqK6gFXLIsQNH19lWb4ebPDLA4SdLP7dsWkIXHWlG66oPuVvXSGFPppYZz8ZDZq0dYYrbHfBCVUb1Q=="],

    "safer-buffer": ["safer-buffer@2.1.2", "", {}, "sha512-YZo3K82SD7Riyi0E1EQPojLz7kpepnSQI9IyPbHHg1XXXevb5dJI7tpyN2ADxGcQbHG7vcyRHk0cbwqcQriUtg=="],

    "sql-escaper": ["sql-escaper@1.3.3", "", {}, "sha512-BsTCV265VpTp8tm1wyIm1xqQCS+Q9NHx2Sr+WcnUrgLrQ6yiDIvHYJV5gHxsj1lMBy2zm5twLaZao8Jd+S8JJw=="],

    "sqlstring": ["sqlstring@2.3.3", "", {}, "sha512-qC9iz2FlN7DQl3+wjwn3802RTyjCx7sDvfQEXchwa6CWOx07/WVfh91gBmQ9fahw8snwGEWU3xGzOt4tFyHLxg=="],

    "tinyglobby": ["tinyglobby@0.2.15", "", { "dependencies": { "fdir": "^6.5.0", "picomatch": "^4.0.3" } }, "sha512-j2Zq4NyQYG5XMST4cbs02Ak8iJUdxRM0XI5QyxXuZOzKOINmWurp3smXu3y5wDcJrptwpSjgXHzIQxR0omXljQ=="],

    "ts-morph": ["ts-morph@27.0.2", "", { "dependencies": { "@ts-morph/common": "~0.28.1", "code-block-writer": "^13.0.3" } }, "sha512-fhUhgeljcrdZ+9DZND1De1029PrE+cMkIP7ooqkLRTrRLTqcki2AstsyJm0vRNbTbVCNJ0idGlbBrfqc7/nA8w=="],

    "typescript": ["typescript@5.9.3", "", { "bin": { "tsc": "bin/tsc", "tsserver": "bin/tsserver" } }, "sha512-jl1vZzPDinLr9eUt3J/t7V6FgNEw9QjvBPdysz9KfQDD41fQrC2Y4vKQdiaUpFT4bXlb1RHhLpp8wtm6M5TgSw=="],

    "undici-types": ["undici-types@7.18.2", "", {}, "sha512-AsuCzffGHJybSaRrmr5eHr81mwJU3kjw6M+uprWvCXiNeN9SOGwQ3Jn8jb8m3Z6izVgknn1R0FTCEAP2QrLY/w=="],
  }
}
